
Microsoft Visual Studio Solution File, Format Version 12.00
# Visual Studio Version 16
VisualStudioVersion = 16.0.30225.117
MinimumVisualStudioVersion = 10.0.40219.1
Project("{FAE04EC0-301F-11D3-BF4B-00C04F79EFBC}") = "G1ANT.Addon.Webex", "G1ANT.Addon.Webex.csproj", "{28540F25-5B80-4112-816D-6741D1110024}"
EndProject
Global
	GlobalSection(SolutionConfigurationPlatforms) = preSolution
		Debug|Any CPU = Debug|Any CPU
		Release|Any CPU = Release|Any CPU
	EndGlobalSection
	GlobalSection(ProjectConfigurationPlatforms) = postSolution
		{28540F25-5B80-4112-816D-6741D1110024}.Debug|Any CPU.ActiveCfg = Debug|Any CPU
		{28540F25-5B80-4112-816D-6741D1110024}.Debug|Any CPU.Build.0 = Debug|Any CPU
		{28540F25-5B80-4112-816D-6741D1110024}.Release|Any CPU.ActiveCfg = Release|Any CPU
		{28540F25-5B80-4112-816D-6741D1110024}.Release|Any CPU.Build.0 = Release|Any CPU
	EndGlobalSection
	GlobalSection(SolutionProperties) = preSolution
		HideSolutionNode = FALSE
	EndGlobalSection
	GlobalSection(ExtensibilityGlobals) = postSolution
		SolutionGuid = {1E75D7D0-7359-455F-BE33-49BB09E3394B}
	EndGlobalSection
EndGlobal
