
Microsoft Visual Studio Solution File, Format Version 12.00
# Visual Studio Version 16
VisualStudioVersion = 16.0.30225.117
MinimumVisualStudioVersion = 10.0.40219.1
Project("{FAE04EC0-301F-11D3-BF4B-00C04F79EFBC}") = "G1ANT.Addon.Instagram", "G1ANT.Addon.Instagram.csproj", "{6CBDF078-0A20-4B07-9E20-BF1E358B59FF}"
EndProject
Global
	GlobalSection(SolutionConfigurationPlatforms) = preSolution
		Debug|Any CPU = Debug|Any CPU
		Release|Any CPU = Release|Any CPU
	EndGlobalSection
	GlobalSection(ProjectConfigurationPlatforms) = postSolution
		{6CBDF078-0A20-4B07-9E20-BF1E358B59FF}.Debug|Any CPU.ActiveCfg = Debug|Any CPU
		{6CBDF078-0A20-4B07-9E20-BF1E358B59FF}.Debug|Any CPU.Build.0 = Debug|Any CPU
		{6CBDF078-0A20-4B07-9E20-BF1E358B59FF}.Release|Any CPU.ActiveCfg = Release|Any CPU
		{6CBDF078-0A20-4B07-9E20-BF1E358B59FF}.Release|Any CPU.Build.0 = Release|Any CPU
	EndGlobalSection
	GlobalSection(SolutionProperties) = preSolution
		HideSolutionNode = FALSE
	EndGlobalSection
	GlobalSection(ExtensibilityGlobals) = postSolution
		SolutionGuid = {5AF36839-3A6F-4775-B35F-1D4504E0DB6C}
	EndGlobalSection
EndGlobal
